// !$*UTF8*$!
{
	archiveVersion = 1;
	classes = {
	};
	objectVersion = 51;
	objects = {

/* Begin PBXBuildFile section */
		1A08A09A244E84A700D9C027 /* CreateTweetController.swift in Sources */ = {isa = PBXBuildFile; fileRef = 1A08A099244E84A700D9C027 /* CreateTweetController.swift */; };
		1A2C62852444FAA1009DE24C /* Utilities.swift in Sources */ = {isa = PBXBuildFile; fileRef = 1A2C62842444FAA1009DE24C /* Utilities.swift */; };
		1A2D2754244FE52600645F38 /* CaptionTextView.swift in Sources */ = {isa = PBXBuildFile; fileRef = 1A2D2753244FE52600645F38 /* CaptionTextView.swift */; };
		1A2D2756244FEAD200645F38 /* TweetService.swift in Sources */ = {isa = PBXBuildFile; fileRef = 1A2D2755244FEAD200645F38 /* TweetService.swift */; };
		1A30EF4F244423F400B640EF /* Extensions.swift in Sources */ = {isa = PBXBuildFile; fileRef = 1A30EF4E244423F400B640EF /* Extensions.swift */; };
		1A45388B244A5C8F0049B786 /* Constants.swift in Sources */ = {isa = PBXBuildFile; fileRef = 1A45388A244A5C8F0049B786 /* Constants.swift */; };
		1A6721612457CE5C0009BFD4 /* TweetViewModel.swift in Sources */ = {isa = PBXBuildFile; fileRef = 1A6721602457CE5B0009BFD4 /* TweetViewModel.swift */; };
		1A6C0A9324535EF700ACAFAE /* Tweet.swift in Sources */ = {isa = PBXBuildFile; fileRef = 1A6C0A9224535EF700ACAFAE /* Tweet.swift */; };
		1A6C0A9524536D6800ACAFAE /* TweetCell.swift in Sources */ = {isa = PBXBuildFile; fileRef = 1A6C0A9424536D6800ACAFAE /* TweetCell.swift */; };
		1A902AF0244D01A2002D1B61 /* UserService.swift in Sources */ = {isa = PBXBuildFile; fileRef = 1A902AEF244D01A2002D1B61 /* UserService.swift */; };
		1AAB03C4244975D600A3D8BC /* GoogleService-Info.plist in Resources */ = {isa = PBXBuildFile; fileRef = 1AAB03C3244975D600A3D8BC /* GoogleService-Info.plist */; };
		1AB40877244B3C090030CC51 /* AuthService.swift in Sources */ = {isa = PBXBuildFile; fileRef = 1AB40876244B3C080030CC51 /* AuthService.swift */; };
		1AB8AD352443FED1004C55CB /* AppDelegate.swift in Sources */ = {isa = PBXBuildFile; fileRef = 1AB8AD342443FED1004C55CB /* AppDelegate.swift */; };
		1AB8AD372443FED1004C55CB /* SceneDelegate.swift in Sources */ = {isa = PBXBuildFile; fileRef = 1AB8AD362443FED1004C55CB /* SceneDelegate.swift */; };
		1AB8AD3C2443FED1004C55CB /* Main.storyboard in Resources */ = {isa = PBXBuildFile; fileRef = 1AB8AD3A2443FED1004C55CB /* Main.storyboard */; };
		1AB8AD3E2443FED3004C55CB /* Assets.xcassets in Resources */ = {isa = PBXBuildFile; fileRef = 1AB8AD3D2443FED3004C55CB /* Assets.xcassets */; };
		1AB8AD412443FED3004C55CB /* LaunchScreen.storyboard in Resources */ = {isa = PBXBuildFile; fileRef = 1AB8AD3F2443FED3004C55CB /* LaunchScreen.storyboard */; };
		1AB8AD5524440106004C55CB /* MainTabController.swift in Sources */ = {isa = PBXBuildFile; fileRef = 1AB8AD5424440106004C55CB /* MainTabController.swift */; };
		1AB8AD5724440210004C55CB /* FeedController.swift in Sources */ = {isa = PBXBuildFile; fileRef = 1AB8AD5624440210004C55CB /* FeedController.swift */; };
		1AB8AD59244403E1004C55CB /* ExploreController.swift in Sources */ = {isa = PBXBuildFile; fileRef = 1AB8AD58244403E1004C55CB /* ExploreController.swift */; };
		1AB8AD5B244403E9004C55CB /* NotificationController.swift in Sources */ = {isa = PBXBuildFile; fileRef = 1AB8AD5A244403E9004C55CB /* NotificationController.swift */; };
		1AB8AD5D244403F1004C55CB /* ConversationController.swift in Sources */ = {isa = PBXBuildFile; fileRef = 1AB8AD5C244403F1004C55CB /* ConversationController.swift */; };
		1ABF438B2444D42100D7C060 /* LoginController.swift in Sources */ = {isa = PBXBuildFile; fileRef = 1ABF438A2444D42100D7C060 /* LoginController.swift */; };
		1ABF438D2444D44100D7C060 /* RegistrationController.swift in Sources */ = {isa = PBXBuildFile; fileRef = 1ABF438C2444D44100D7C060 /* RegistrationController.swift */; };
		1AC4B3BF244D26F70099512F /* User.swift in Sources */ = {isa = PBXBuildFile; fileRef = 1AC4B3BE244D26F70099512F /* User.swift */; };
		88F9061B0E9323AE63586154 /* Pods_TwitterClone.framework in Frameworks */ = {isa = PBXBuildFile; fileRef = 7EAD0001A26CE5068EE0767E /* Pods_TwitterClone.framework */; };
/* End PBXBuildFile section */

/* Begin PBXFileReference section */
		1A08A099244E84A700D9C027 /* CreateTweetController.swift */ = {isa = PBXFileReference; lastKnownFileType = sourcecode.swift; path = CreateTweetController.swift; sourceTree = "<group>"; };
		1A2C62842444FAA1009DE24C /* Utilities.swift */ = {isa = PBXFileReference; lastKnownFileType = sourcecode.swift; path = Utilities.swift; sourceTree = "<group>"; };
		1A2D2753244FE52600645F38 /* CaptionTextView.swift */ = {isa = PBXFileReference; lastKnownFileType = sourcecode.swift; path = CaptionTextView.swift; sourceTree = "<group>"; };
		1A2D2755244FEAD200645F38 /* TweetService.swift */ = {isa = PBXFileReference; lastKnownFileType = sourcecode.swift; path = TweetService.swift; sourceTree = "<group>"; };
		1A30EF4E244423F400B640EF /* Extensions.swift */ = {isa = PBXFileReference; lastKnownFileType = sourcecode.swift; path = Extensions.swift; sourceTree = "<group>"; };
		1A45388A244A5C8F0049B786 /* Constants.swift */ = {isa = PBXFileReference; lastKnownFileType = sourcecode.swift; name = Constants.swift; path = "/Users/khalilnajjar/Swift/twitter-clone-ios/TwitterClone/Utils/Constants.swift"; sourceTree = "<absolute>"; };
		1A6721602457CE5B0009BFD4 /* TweetViewModel.swift */ = {isa = PBXFileReference; lastKnownFileType = sourcecode.swift; path = TweetViewModel.swift; sourceTree = "<group>"; };
		1A6C0A9224535EF700ACAFAE /* Tweet.swift */ = {isa = PBXFileReference; lastKnownFileType = sourcecode.swift; path = Tweet.swift; sourceTree = "<group>"; };
		1A6C0A9424536D6800ACAFAE /* TweetCell.swift */ = {isa = PBXFileReference; lastKnownFileType = sourcecode.swift; path = TweetCell.swift; sourceTree = "<group>"; };
		1A902AEF244D01A2002D1B61 /* UserService.swift */ = {isa = PBXFileReference; lastKnownFileType = sourcecode.swift; path = UserService.swift; sourceTree = "<group>"; };
		1AAB03C3244975D600A3D8BC /* GoogleService-Info.plist */ = {isa = PBXFileReference; fileEncoding = 4; lastKnownFileType = text.plist.xml; path = "GoogleService-Info.plist"; sourceTree = "<group>"; };
		1AB40876244B3C080030CC51 /* AuthService.swift */ = {isa = PBXFileReference; lastKnownFileType = sourcecode.swift; path = AuthService.swift; sourceTree = "<group>"; };
		1AB8AD312443FED1004C55CB /* TwitterClone.app */ = {isa = PBXFileReference; explicitFileType = wrapper.application; includeInIndex = 0; path = TwitterClone.app; sourceTree = BUILT_PRODUCTS_DIR; };
		1AB8AD342443FED1004C55CB /* AppDelegate.swift */ = {isa = PBXFileReference; lastKnownFileType = sourcecode.swift; path = AppDelegate.swift; sourceTree = "<group>"; };
		1AB8AD362443FED1004C55CB /* SceneDelegate.swift */ = {isa = PBXFileReference; lastKnownFileType = sourcecode.swift; path = SceneDelegate.swift; sourceTree = "<group>"; };
		1AB8AD3B2443FED1004C55CB /* Base */ = {isa = PBXFileReference; lastKnownFileType = file.storyboard; name = Base; path = Base.lproj/Main.storyboard; sourceTree = "<group>"; };
		1AB8AD3D2443FED3004C55CB /* Assets.xcassets */ = {isa = PBXFileReference; lastKnownFileType = folder.assetcatalog; path = Assets.xcassets; sourceTree = "<group>"; };
		1AB8AD402443FED3004C55CB /* Base */ = {isa = PBXFileReference; lastKnownFileType = file.storyboard; name = Base; path = Base.lproj/LaunchScreen.storyboard; sourceTree = "<group>"; };
		1AB8AD422443FED3004C55CB /* Info.plist */ = {isa = PBXFileReference; lastKnownFileType = text.plist.xml; path = Info.plist; sourceTree = "<group>"; };
		1AB8AD5424440106004C55CB /* MainTabController.swift */ = {isa = PBXFileReference; lastKnownFileType = sourcecode.swift; path = MainTabController.swift; sourceTree = "<group>"; };
		1AB8AD5624440210004C55CB /* FeedController.swift */ = {isa = PBXFileReference; lastKnownFileType = sourcecode.swift; path = FeedController.swift; sourceTree = "<group>"; };
		1AB8AD58244403E1004C55CB /* ExploreController.swift */ = {isa = PBXFileReference; lastKnownFileType = sourcecode.swift; path = ExploreController.swift; sourceTree = "<group>"; };
		1AB8AD5A244403E9004C55CB /* NotificationController.swift */ = {isa = PBXFileReference; lastKnownFileType = sourcecode.swift; path = NotificationController.swift; sourceTree = "<group>"; };
		1AB8AD5C244403F1004C55CB /* ConversationController.swift */ = {isa = PBXFileReference; lastKnownFileType = sourcecode.swift; path = ConversationController.swift; sourceTree = "<group>"; };
		1ABF438A2444D42100D7C060 /* LoginController.swift */ = {isa = PBXFileReference; lastKnownFileType = sourcecode.swift; path = LoginController.swift; sourceTree = "<group>"; };
		1ABF438C2444D44100D7C060 /* RegistrationController.swift */ = {isa = PBXFileReference; lastKnownFileType = sourcecode.swift; path = RegistrationController.swift; sourceTree = "<group>"; };
		1AC4B3BE244D26F70099512F /* User.swift */ = {isa = PBXFileReference; lastKnownFileType = sourcecode.swift; path = User.swift; sourceTree = "<group>"; };
		7A2E9A6D88538EA6635A1D99 /* Pods-TwitterClone.debug.xcconfig */ = {isa = PBXFileReference; includeInIndex = 1; lastKnownFileType = text.xcconfig; name = "Pods-TwitterClone.debug.xcconfig"; path = "Target Support Files/Pods-TwitterClone/Pods-TwitterClone.debug.xcconfig"; sourceTree = "<group>"; };
		7EAD0001A26CE5068EE0767E /* Pods_TwitterClone.framework */ = {isa = PBXFileReference; explicitFileType = wrapper.framework; includeInIndex = 0; path = Pods_TwitterClone.framework; sourceTree = BUILT_PRODUCTS_DIR; };
		9769B67F57C0F2446954E6DA /* Pods-TwitterClone.release.xcconfig */ = {isa = PBXFileReference; includeInIndex = 1; lastKnownFileType = text.xcconfig; name = "Pods-TwitterClone.release.xcconfig"; path = "Target Support Files/Pods-TwitterClone/Pods-TwitterClone.release.xcconfig"; sourceTree = "<group>"; };
/* End PBXFileReference section */

/* Begin PBXFrameworksBuildPhase section */
		1AB8AD2E2443FED1004C55CB /* Frameworks */ = {
			isa = PBXFrameworksBuildPhase;
			buildActionMask = 2147483647;
			files = (
				88F9061B0E9323AE63586154 /* Pods_TwitterClone.framework in Frameworks */,
			);
			runOnlyForDeploymentPostprocessing = 0;
		};
/* End PBXFrameworksBuildPhase section */

/* Begin PBXGroup section */
		1AB8AD282443FED1004C55CB = {
			isa = PBXGroup;
			children = (
				1AB8AD332443FED1004C55CB /* TwitterClone */,
				1AB8AD322443FED1004C55CB /* Products */,
				358BC1AE8B0824A2E946A3D2 /* Pods */,
				9E8B53BCF2CA89A279F54C3D /* Frameworks */,
			);
			sourceTree = "<group>";
		};
		1AB8AD322443FED1004C55CB /* Products */ = {
			isa = PBXGroup;
			children = (
				1AB8AD312443FED1004C55CB /* TwitterClone.app */,
			);
			name = Products;
			sourceTree = "<group>";
		};
		1AB8AD332443FED1004C55CB /* TwitterClone */ = {
			isa = PBXGroup;
			children = (
				1AB8AD512443FF86004C55CB /* Model */,
				1AB8AD502443FF84004C55CB /* View */,
				1AB8AD4F2443FF81004C55CB /* ViewModel */,
				1AB8AD4E2443FF6E004C55CB /* Controller */,
				1AB8AD4D2443FF6C004C55CB /* API */,
				1AB8AD4C2443FF6B004C55CB /* Utils */,
				1AB8AD342443FED1004C55CB /* AppDelegate.swift */,
				1AB8AD362443FED1004C55CB /* SceneDelegate.swift */,
				1AB8AD3A2443FED1004C55CB /* Main.storyboard */,
				1AB8AD3D2443FED3004C55CB /* Assets.xcassets */,
				1AB8AD3F2443FED3004C55CB /* LaunchScreen.storyboard */,
				1AAB03C3244975D600A3D8BC /* GoogleService-Info.plist */,
				1AB8AD422443FED3004C55CB /* Info.plist */,
			);
			path = TwitterClone;
			sourceTree = "<group>";
		};
		1AB8AD4C2443FF6B004C55CB /* Utils */ = {
			isa = PBXGroup;
			children = (
				1A45388A244A5C8F0049B786 /* Constants.swift */,
				1A30EF4E244423F400B640EF /* Extensions.swift */,
				1A2C62842444FAA1009DE24C /* Utilities.swift */,
			);
			path = Utils;
			sourceTree = "<group>";
		};
		1AB8AD4D2443FF6C004C55CB /* API */ = {
			isa = PBXGroup;
			children = (
				1AB40876244B3C080030CC51 /* AuthService.swift */,
				1A902AEF244D01A2002D1B61 /* UserService.swift */,
				1A2D2755244FEAD200645F38 /* TweetService.swift */,
			);
			path = API;
			sourceTree = "<group>";
		};
		1AB8AD4E2443FF6E004C55CB /* Controller */ = {
			isa = PBXGroup;
			children = (
				1ABF43892444D41300D7C060 /* Authentication */,
				1AB8AD5424440106004C55CB /* MainTabController.swift */,
				1AB8AD5624440210004C55CB /* FeedController.swift */,
				1AB8AD58244403E1004C55CB /* ExploreController.swift */,
				1AB8AD5A244403E9004C55CB /* NotificationController.swift */,
				1AB8AD5C244403F1004C55CB /* ConversationController.swift */,
				1A08A099244E84A700D9C027 /* CreateTweetController.swift */,
			);
			path = Controller;
			sourceTree = "<group>";
		};
		1AB8AD4F2443FF81004C55CB /* ViewModel */ = {
			isa = PBXGroup;
			children = (
				1A6721602457CE5B0009BFD4 /* TweetViewModel.swift */,
			);
			path = ViewModel;
			sourceTree = "<group>";
		};
		1AB8AD502443FF84004C55CB /* View */ = {
			isa = PBXGroup;
			children = (
				1A2D2753244FE52600645F38 /* CaptionTextView.swift */,
				1A6C0A9424536D6800ACAFAE /* TweetCell.swift */,
			);
			path = View;
			sourceTree = "<group>";
		};
		1AB8AD512443FF86004C55CB /* Model */ = {
			isa = PBXGroup;
			children = (
				1AC4B3BE244D26F70099512F /* User.swift */,
				1A6C0A9224535EF700ACAFAE /* Tweet.swift */,
			);
			path = Model;
			sourceTree = "<group>";
		};
		1ABF43892444D41300D7C060 /* Authentication */ = {
			isa = PBXGroup;
			children = (
				1ABF438A2444D42100D7C060 /* LoginController.swift */,
				1ABF438C2444D44100D7C060 /* RegistrationController.swift */,
			);
			path = Authentication;
			sourceTree = "<group>";
		};
		358BC1AE8B0824A2E946A3D2 /* Pods */ = {
			isa = PBXGroup;
			children = (
				7A2E9A6D88538EA6635A1D99 /* Pods-TwitterClone.debug.xcconfig */,
				9769B67F57C0F2446954E6DA /* Pods-TwitterClone.release.xcconfig */,
			);
			path = Pods;
			sourceTree = "<group>";
		};
		9E8B53BCF2CA89A279F54C3D /* Frameworks */ = {
			isa = PBXGroup;
			children = (
				7EAD0001A26CE5068EE0767E /* Pods_TwitterClone.framework */,
			);
			name = Frameworks;
			sourceTree = "<group>";
		};
/* End PBXGroup section */

/* Begin PBXNativeTarget section */
		1AB8AD302443FED1004C55CB /* TwitterClone */ = {
			isa = PBXNativeTarget;
			buildConfigurationList = 1AB8AD452443FED3004C55CB /* Build configuration list for PBXNativeTarget "TwitterClone" */;
			buildPhases = (
				7718BBB69F4AAA2761332A66 /* [CP] Check Pods Manifest.lock */,
				1AB8AD2D2443FED1004C55CB /* Sources */,
				1AB8AD2E2443FED1004C55CB /* Frameworks */,
				1AB8AD2F2443FED1004C55CB /* Resources */,
				BC1B0B624BCC8A3A249BA6F6 /* [CP] Embed Pods Frameworks */,
			);
			buildRules = (
			);
			dependencies = (
			);
			name = TwitterClone;
			productName = TwitterClone;
			productReference = 1AB8AD312443FED1004C55CB /* TwitterClone.app */;
			productType = "com.apple.product-type.application";
		};
/* End PBXNativeTarget section */

/* Begin PBXProject section */
		1AB8AD292443FED1004C55CB /* Project object */ = {
			isa = PBXProject;
			attributes = {
				LastSwiftUpdateCheck = 1140;
				LastUpgradeCheck = 1140;
				ORGANIZATIONNAME = "Khalil Najjar";
				TargetAttributes = {
					1AB8AD302443FED1004C55CB = {
						CreatedOnToolsVersion = 11.4;
					};
				};
			};
			buildConfigurationList = 1AB8AD2C2443FED1004C55CB /* Build configuration list for PBXProject "TwitterClone" */;
			compatibilityVersion = "Xcode 9.3";
			developmentRegion = en;
			hasScannedForEncodings = 0;
			knownRegions = (
				en,
				Base,
			);
			mainGroup = 1AB8AD282443FED1004C55CB;
			productRefGroup = 1AB8AD322443FED1004C55CB /* Products */;
			projectDirPath = "";
			projectRoot = "";
			targets = (
				1AB8AD302443FED1004C55CB /* TwitterClone */,
			);
		};
/* End PBXProject section */

/* Begin PBXResourcesBuildPhase section */
		1AB8AD2F2443FED1004C55CB /* Resources */ = {
			isa = PBXResourcesBuildPhase;
			buildActionMask = 2147483647;
			files = (
				1AB8AD412443FED3004C55CB /* LaunchScreen.storyboard in Resources */,
				1AAB03C4244975D600A3D8BC /* GoogleService-Info.plist in Resources */,
				1AB8AD3E2443FED3004C55CB /* Assets.xcassets in Resources */,
				1AB8AD3C2443FED1004C55CB /* Main.storyboard in Resources */,
			);
			runOnlyForDeploymentPostprocessing = 0;
		};
/* End PBXResourcesBuildPhase section */

/* Begin PBXShellScriptBuildPhase section */
		7718BBB69F4AAA2761332A66 /* [CP] Check Pods Manifest.lock */ = {
			isa = PBXShellScriptBuildPhase;
			buildActionMask = 2147483647;
			files = (
			);
			inputFileListPaths = (
			);
			inputPaths = (
				"${PODS_PODFILE_DIR_PATH}/Podfile.lock",
				"${PODS_ROOT}/Manifest.lock",
			);
			name = "[CP] Check Pods Manifest.lock";
			outputFileListPaths = (
			);
			outputPaths = (
				"$(DERIVED_FILE_DIR)/Pods-TwitterClone-checkManifestLockResult.txt",
			);
			runOnlyForDeploymentPostprocessing = 0;
			shellPath = /bin/sh;
			shellScript = "diff \"${PODS_PODFILE_DIR_PATH}/Podfile.lock\" \"${PODS_ROOT}/Manifest.lock\" > /dev/null\nif [ $? != 0 ] ; then\n    # print error to STDERR\n    echo \"error: The sandbox is not in sync with the Podfile.lock. Run 'pod install' or update your CocoaPods installation.\" >&2\n    exit 1\nfi\n# This output is used by Xcode 'outputs' to avoid re-running this script phase.\necho \"SUCCESS\" > \"${SCRIPT_OUTPUT_FILE_0}\"\n";
			showEnvVarsInLog = 0;
		};
		BC1B0B624BCC8A3A249BA6F6 /* [CP] Embed Pods Frameworks */ = {
			isa = PBXShellScriptBuildPhase;
			buildActionMask = 2147483647;
			files = (
			);
			inputFileListPaths = (
				"${PODS_ROOT}/Target Support Files/Pods-TwitterClone/Pods-TwitterClone-frameworks-${CONFIGURATION}-input-files.xcfilelist",
			);
			name = "[CP] Embed Pods Frameworks";
			outputFileListPaths = (
				"${PODS_ROOT}/Target Support Files/Pods-TwitterClone/Pods-TwitterClone-frameworks-${CONFIGURATION}-output-files.xcfilelist",
			);
			runOnlyForDeploymentPostprocessing = 0;
			shellPath = /bin/sh;
			shellScript = "\"${PODS_ROOT}/Target Support Files/Pods-TwitterClone/Pods-TwitterClone-frameworks.sh\"\n";
			showEnvVarsInLog = 0;
		};
/* End PBXShellScriptBuildPhase section */

/* Begin PBXSourcesBuildPhase section */
		1AB8AD2D2443FED1004C55CB /* Sources */ = {
			isa = PBXSourcesBuildPhase;
			buildActionMask = 2147483647;
			files = (
				1A902AF0244D01A2002D1B61 /* UserService.swift in Sources */,
				1AB8AD5B244403E9004C55CB /* NotificationController.swift in Sources */,
				1A2D2754244FE52600645F38 /* CaptionTextView.swift in Sources */,
				1AB8AD352443FED1004C55CB /* AppDelegate.swift in Sources */,
				1A2C62852444FAA1009DE24C /* Utilities.swift in Sources */,
				1AB8AD59244403E1004C55CB /* ExploreController.swift in Sources */,
				1AB8AD372443FED1004C55CB /* SceneDelegate.swift in Sources */,
				1A6C0A9524536D6800ACAFAE /* TweetCell.swift in Sources */,
				1ABF438B2444D42100D7C060 /* LoginController.swift in Sources */,
				1AB40877244B3C090030CC51 /* AuthService.swift in Sources */,
				1AC4B3BF244D26F70099512F /* User.swift in Sources */,
				1A08A09A244E84A700D9C027 /* CreateTweetController.swift in Sources */,
				1AB8AD5524440106004C55CB /* MainTabController.swift in Sources */,
				1A30EF4F244423F400B640EF /* Extensions.swift in Sources */,
				1AB8AD5D244403F1004C55CB /* ConversationController.swift in Sources */,
				1A6721612457CE5C0009BFD4 /* TweetViewModel.swift in Sources */,
				1ABF438D2444D44100D7C060 /* RegistrationController.swift in Sources */,
				1AB8AD5724440210004C55CB /* FeedController.swift in Sources */,
				1A45388B244A5C8F0049B786 /* Constants.swift in Sources */,
				1A6C0A9324535EF700ACAFAE /* Tweet.swift in Sources */,
				1A2D2756244FEAD200645F38 /* TweetService.swift in Sources */,
			);
			runOnlyForDeploymentPostprocessing = 0;
		};
/* End PBXSourcesBuildPhase section */

/* Begin PBXVariantGroup section */
		1AB8AD3A2443FED1004C55CB /* Main.storyboard */ = {
			isa = PBXVariantGroup;
			children = (
				1AB8AD3B2443FED1004C55CB /* Base */,
			);
			name = Main.storyboard;
			sourceTree = "<group>";
		};
		1AB8AD3F2443FED3004C55CB /* LaunchScreen.storyboard */ = {
			isa = PBXVariantGroup;
			children = (
				1AB8AD402443FED3004C55CB /* Base */,
			);
			name = LaunchScreen.storyboard;
			sourceTree = "<group>";
		};
/* End PBXVariantGroup section */

/* Begin XCBuildConfiguration section */
		1AB8AD432443FED3004C55CB /* Debug */ = {
			isa = XCBuildConfiguration;
			buildSettings = {
				ALWAYS_SEARCH_USER_PATHS = NO;
				CLANG_ANALYZER_NONNULL = YES;
				CLANG_ANALYZER_NUMBER_OBJECT_CONVERSION = YES_AGGRESSIVE;
				CLANG_CXX_LANGUAGE_STANDARD = "gnu++14";
				CLANG_CXX_LIBRARY = "libc++";
				CLANG_ENABLE_MODULES = YES;
				CLANG_ENABLE_OBJC_ARC = YES;
				CLANG_ENABLE_OBJC_WEAK = YES;
				CLANG_WARN_BLOCK_CAPTURE_AUTORELEASING = YES;
				CLANG_WARN_BOOL_CONVERSION = YES;
				CLANG_WARN_COMMA = YES;
				CLANG_WARN_CONSTANT_CONVERSION = YES;
				CLANG_WARN_DEPRECATED_OBJC_IMPLEMENTATIONS = YES;
				CLANG_WARN_DIRECT_OBJC_ISA_USAGE = YES_ERROR;
				CLANG_WARN_DOCUMENTATION_COMMENTS = YES;
				CLANG_WARN_EMPTY_BODY = YES;
				CLANG_WARN_ENUM_CONVERSION = YES;
				CLANG_WARN_INFINITE_RECURSION = YES;
				CLANG_WARN_INT_CONVERSION = YES;
				CLANG_WARN_NON_LITERAL_NULL_CONVERSION = YES;
				CLANG_WARN_OBJC_IMPLICIT_RETAIN_SELF = YES;
				CLANG_WARN_OBJC_LITERAL_CONVERSION = YES;
				CLANG_WARN_OBJC_ROOT_CLASS = YES_ERROR;
				CLANG_WARN_RANGE_LOOP_ANALYSIS = YES;
				CLANG_WARN_STRICT_PROTOTYPES = YES;
				CLANG_WARN_SUSPICIOUS_MOVE = YES;
				CLANG_WARN_UNGUARDED_AVAILABILITY = YES_AGGRESSIVE;
				CLANG_WARN_UNREACHABLE_CODE = YES;
				CLANG_WARN__DUPLICATE_METHOD_MATCH = YES;
				COPY_PHASE_STRIP = NO;
				DEBUG_INFORMATION_FORMAT = dwarf;
				ENABLE_STRICT_OBJC_MSGSEND = YES;
				ENABLE_TESTABILITY = YES;
				GCC_C_LANGUAGE_STANDARD = gnu11;
				GCC_DYNAMIC_NO_PIC = NO;
				GCC_NO_COMMON_BLOCKS = YES;
				GCC_OPTIMIZATION_LEVEL = 0;
				GCC_PREPROCESSOR_DEFINITIONS = (
					"DEBUG=1",
					"$(inherited)",
				);
				GCC_WARN_64_TO_32_BIT_CONVERSION = YES;
				GCC_WARN_ABOUT_RETURN_TYPE = YES_ERROR;
				GCC_WARN_UNDECLARED_SELECTOR = YES;
				GCC_WARN_UNINITIALIZED_AUTOS = YES_AGGRESSIVE;
				GCC_WARN_UNUSED_FUNCTION = YES;
				GCC_WARN_UNUSED_VARIABLE = YES;
				IPHONEOS_DEPLOYMENT_TARGET = 13.4;
				MTL_ENABLE_DEBUG_INFO = INCLUDE_SOURCE;
				MTL_FAST_MATH = YES;
				ONLY_ACTIVE_ARCH = YES;
				SDKROOT = iphoneos;
				SWIFT_ACTIVE_COMPILATION_CONDITIONS = DEBUG;
				SWIFT_OPTIMIZATION_LEVEL = "-Onone";
			};
			name = Debug;
		};
		1AB8AD442443FED3004C55CB /* Release */ = {
			isa = XCBuildConfiguration;
			buildSettings = {
				ALWAYS_SEARCH_USER_PATHS = NO;
				CLANG_ANALYZER_NONNULL = YES;
				CLANG_ANALYZER_NUMBER_OBJECT_CONVERSION = YES_AGGRESSIVE;
				CLANG_CXX_LANGUAGE_STANDARD = "gnu++14";
				CLANG_CXX_LIBRARY = "libc++";
				CLANG_ENABLE_MODULES = YES;
				CLANG_ENABLE_OBJC_ARC = YES;
				CLANG_ENABLE_OBJC_WEAK = YES;
				CLANG_WARN_BLOCK_CAPTURE_AUTORELEASING = YES;
				CLANG_WARN_BOOL_CONVERSION = YES;
				CLANG_WARN_COMMA = YES;
				CLANG_WARN_CONSTANT_CONVERSION = YES;
				CLANG_WARN_DEPRECATED_OBJC_IMPLEMENTATIONS = YES;
				CLANG_WARN_DIRECT_OBJC_ISA_USAGE = YES_ERROR;
				CLANG_WARN_DOCUMENTATION_COMMENTS = YES;
				CLANG_WARN_EMPTY_BODY = YES;
				CLANG_WARN_ENUM_CONVERSION = YES;
				CLANG_WARN_INFINITE_RECURSION = YES;
				CLANG_WARN_INT_CONVERSION = YES;
				CLANG_WARN_NON_LITERAL_NULL_CONVERSION = YES;
				CLANG_WARN_OBJC_IMPLICIT_RETAIN_SELF = YES;
				CLANG_WARN_OBJC_LITERAL_CONVERSION = YES;
				CLANG_WARN_OBJC_ROOT_CLASS = YES_ERROR;
				CLANG_WARN_RANGE_LOOP_ANALYSIS = YES;
				CLANG_WARN_STRICT_PROTOTYPES = YES;
				CLANG_WARN_SUSPICIOUS_MOVE = YES;
				CLANG_WARN_UNGUARDED_AVAILABILITY = YES_AGGRESSIVE;
				CLANG_WARN_UNREACHABLE_CODE = YES;
				CLANG_WARN__DUPLICATE_METHOD_MATCH = YES;
				COPY_PHASE_STRIP = NO;
				DEBUG_INFORMATION_FORMAT = "dwarf-with-dsym";
				ENABLE_NS_ASSERTIONS = NO;
				ENABLE_STRICT_OBJC_MSGSEND = YES;
				GCC_C_LANGUAGE_STANDARD = gnu11;
				GCC_NO_COMMON_BLOCKS = YES;
				GCC_WARN_64_TO_32_BIT_CONVERSION = YES;
				GCC_WARN_ABOUT_RETURN_TYPE = YES_ERROR;
				GCC_WARN_UNDECLARED_SELECTOR = YES;
				GCC_WARN_UNINITIALIZED_AUTOS = YES_AGGRESSIVE;
				GCC_WARN_UNUSED_FUNCTION = YES;
				GCC_WARN_UNUSED_VARIABLE = YES;
				IPHONEOS_DEPLOYMENT_TARGET = 13.4;
				MTL_ENABLE_DEBUG_INFO = NO;
				MTL_FAST_MATH = YES;
				SDKROOT = iphoneos;
				SWIFT_COMPILATION_MODE = wholemodule;
				SWIFT_OPTIMIZATION_LEVEL = "-O";
				VALIDATE_PRODUCT = YES;
			};
			name = Release;
		};
		1AB8AD462443FED3004C55CB /* Debug */ = {
			isa = XCBuildConfiguration;
			baseConfigurationReference = 7A2E9A6D88538EA6635A1D99 /* Pods-TwitterClone.debug.xcconfig */;
			buildSettings = {
				ASSETCATALOG_COMPILER_APPICON_NAME = AppIcon;
				CODE_SIGN_STYLE = Automatic;
				DEVELOPMENT_TEAM = NJ367L392A;
				INFOPLIST_FILE = TwitterClone/Info.plist;
				LD_RUNPATH_SEARCH_PATHS = (
					"$(inherited)",
					"@executable_path/Frameworks",
				);
				PRODUCT_BUNDLE_IDENTIFIER = io.najjar.TwitterClone;
				PRODUCT_NAME = "$(TARGET_NAME)";
				SWIFT_VERSION = 5.0;
				TARGETED_DEVICE_FAMILY = "1,2";
			};
			name = Debug;
		};
		1AB8AD472443FED3004C55CB /* Release */ = {
			isa = XCBuildConfiguration;
			baseConfigurationReference = 9769B67F57C0F2446954E6DA /* Pods-TwitterClone.release.xcconfig */;
			buildSettings = {
				ASSETCATALOG_COMPILER_APPICON_NAME = AppIcon;
				CODE_SIGN_STYLE = Automatic;
				DEVELOPMENT_TEAM = NJ367L392A;
				INFOPLIST_FILE = TwitterClone/Info.plist;
				LD_RUNPATH_SEARCH_PATHS = (
					"$(inherited)",
					"@executable_path/Frameworks",
				);
				PRODUCT_BUNDLE_IDENTIFIER = io.najjar.TwitterClone;
				PRODUCT_NAME = "$(TARGET_NAME)";
				SWIFT_VERSION = 5.0;
				TARGETED_DEVICE_FAMILY = "1,2";
			};
			name = Release;
		};
/* End XCBuildConfiguration section */

/* Begin XCConfigurationList section */
		1AB8AD2C2443FED1004C55CB /* Build configuration list for PBXProject "TwitterClone" */ = {
			isa = XCConfigurationList;
			buildConfigurations = (
				1AB8AD432443FED3004C55CB /* Debug */,
				1AB8AD442443FED3004C55CB /* Release */,
			);
			defaultConfigurationIsVisible = 0;
			defaultConfigurationName = Release;
		};
		1AB8AD452443FED3004C55CB /* Build configuration list for PBXNativeTarget "TwitterClone" */ = {
			isa = XCConfigurationList;
			buildConfigurations = (
				1AB8AD462443FED3004C55CB /* Debug */,
				1AB8AD472443FED3004C55CB /* Release */,
			);
			defaultConfigurationIsVisible = 0;
			defaultConfigurationName = Release;
		};
/* End XCConfigurationList section */
	};
	rootObject = 1AB8AD292443FED1004C55CB /* Project object */;
}
